
Microsoft Visual Studio Solution File, Format Version 11.00
# Visual Studio 2010
Project("{FAE04EC0-301F-11D3-BF4B-00C04F79EFBC}") = "bau att", "Assembly-CSharp.csproj", "{B3AF5722-F7A0-C1CE-C309-431ED6C2E198}"
EndProject
Global
	GlobalSection(SolutionConfigurationPlatforms) = preSolution
		Debug|Any CPU = Debug|Any CPU
		Release|Any CPU = Release|Any CPU
	EndGlobalSection
	GlobalSection(ProjectConfigurationPlatforms) = postSolution
		{B3AF5722-F7A0-C1CE-C309-431ED6C2E198}.Debug|Any CPU.ActiveCfg = Debug|Any CPU
		{B3AF5722-F7A0-C1CE-C309-431ED6C2E198}.Debug|Any CPU.Build.0 = Debug|Any CPU
		{B3AF5722-F7A0-C1CE-C309-431ED6C2E198}.Release|Any CPU.ActiveCfg = Release|Any CPU
		{B3AF5722-F7A0-C1CE-C309-431ED6C2E198}.Release|Any CPU.Build.0 = Release|Any CPU
	EndGlobalSection
	GlobalSection(SolutionProperties) = preSolution
		HideSolutionNode = FALSE
	EndGlobalSection
	GlobalSection(MonoDevelopProperties) = preSolution
		StartupItem = Assembly-CSharp.csproj
	EndGlobalSection
EndGlobal
