
Microsoft Visual Studio Solution File, Format Version 11.00
# Visual Studio 2010
Project("{FAE04EC0-301F-11D3-BF4B-00C04F79EFBC}") = "O Baú de Ashanti", "Assembly-CSharp.csproj", "{208B189B-C0FE-0F94-2A35-C4D84BCB2C0F}"
EndProject
Global
	GlobalSection(SolutionConfigurationPlatforms) = preSolution
		Debug|Any CPU = Debug|Any CPU
		Release|Any CPU = Release|Any CPU
	EndGlobalSection
	GlobalSection(ProjectConfigurationPlatforms) = postSolution
		{208B189B-C0FE-0F94-2A35-C4D84BCB2C0F}.Debug|Any CPU.ActiveCfg = Debug|Any CPU
		{208B189B-C0FE-0F94-2A35-C4D84BCB2C0F}.Debug|Any CPU.Build.0 = Debug|Any CPU
		{208B189B-C0FE-0F94-2A35-C4D84BCB2C0F}.Release|Any CPU.ActiveCfg = Release|Any CPU
		{208B189B-C0FE-0F94-2A35-C4D84BCB2C0F}.Release|Any CPU.Build.0 = Release|Any CPU
	EndGlobalSection
	GlobalSection(SolutionProperties) = preSolution
		HideSolutionNode = FALSE
	EndGlobalSection
	GlobalSection(MonoDevelopProperties) = preSolution
		StartupItem = Assembly-CSharp.csproj
	EndGlobalSection
EndGlobal
